
Microsoft Visual Studio Solution File, Format Version 12.00
# Visual Studio 15
VisualStudioVersion = 15.0.28307.757
MinimumVisualStudioVersion = 10.0.40219.1
Project("{FAE04EC0-301F-11D3-BF4B-00C04F79EFBC}") = "SamplePreloader", "SamplePreloader\SamplePreloader.csproj", "{9E614FCB-2C97-40F7-AC6E-FA690F64EBAE}"
EndProject
Global
	GlobalSection(SolutionConfigurationPlatforms) = preSolution
		Debug|Any CPU = Debug|Any CPU
		Release|Any CPU = Release|Any CPU
	EndGlobalSection
	GlobalSection(ProjectConfigurationPlatforms) = postSolution
		{9E614FCB-2C97-40F7-AC6E-FA690F64EBAE}.Debug|Any CPU.ActiveCfg = Debug|Any CPU
		{9E614FCB-2C97-40F7-AC6E-FA690F64EBAE}.Debug|Any CPU.Build.0 = Debug|Any CPU
		{9E614FCB-2C97-40F7-AC6E-FA690F64EBAE}.Release|Any CPU.ActiveCfg = Release|Any CPU
		{9E614FCB-2C97-40F7-AC6E-FA690F64EBAE}.Release|Any CPU.Build.0 = Release|Any CPU
	EndGlobalSection
	GlobalSection(SolutionProperties) = preSolution
		HideSolutionNode = FALSE
	EndGlobalSection
	GlobalSection(ExtensibilityGlobals) = postSolution
		SolutionGuid = {4971CD9F-39AE-4592-9DA9-A22702D822B2}
	EndGlobalSection
EndGlobal
